{
    "_readme": [
        "This file locks the dependencies of your project to a known state",
        "Read more about it at https://getcomposer.org/doc/01-basic-usage.md#installing-dependencies",
        "This file is @generated automatically"
    ],
    "content-hash": "9c881d4a74b4121c85c421edd9055eb3",
    "packages": [
        {
            "name": "badcow/dns",
            "version": "v4.2.1",
            "source": {
                "type": "git",
                "url": "https://github.com/Badcow/DNS.git",
                "reference": "75a7f0ebb9a22401a88df9c80863a12191841cae"
            },
            "dist": {
                "type": "zip",
                "url": "https://api.github.com/repos/Badcow/DNS/zipball/75a7f0ebb9a22401a88df9c80863a12191841cae",
                "reference": "75a7f0ebb9a22401a88df9c80863a12191841cae",
                "shasum": ""
            },
            "require": {
                "christian-riesen/base32": "^1.5.2",
                "php": "^8.0",
                "rlanvin/php-ip": "^3.0"
            },
            "require-dev": {
                "friendsofphp/php-cs-fixer": "^3.5.0",
                "phpstan/phpstan": "^1.4",
                "phpunit/phpunit": "^9.0"
            },
            "type": "library",
            "autoload": {
                "psr-4": {
                    "Badcow\\DNS\\": "lib/"
                }
            },
            "notification-url": "https://packagist.org/downloads/",
            "license": [
                "MIT"
            ],
            "authors": [
                {
                    "name": "Sam Williams",
                    "email": "sam@badcow.co"
                }
            ],
            "description": "A PHP library for creating DNS zone files based on RFC1035",
            "support": {
                "issues": "https://github.com/Badcow/DNS/issues",
                "source": "https://github.com/Badcow/DNS/tree/v4.2.1"
            },
            "time": "2022-11-12T01:08:46+00:00"
        },
        {
            "name": "christian-riesen/base32",
            "version": "1.6.0",
            "source": {
                "type": "git",
                "url": "https://github.com/ChristianRiesen/base32.git",
                "reference": "2e82dab3baa008e24a505649b0d583c31d31e894"
            },
            "dist": {
                "type": "zip",
                "url": "https://api.github.com/repos/ChristianRiesen/base32/zipball/2e82dab3baa008e24a505649b0d583c31d31e894",
                "reference": "2e82dab3baa008e24a505649b0d583c31d31e894",
                "shasum": ""
            },
            "require": {
                "php": "^7.2 || ^8.0"
            },
            "require-dev": {
                "friendsofphp/php-cs-fixer": "^2.17",
                "phpstan/phpstan": "^0.12",
                "phpunit/phpunit": "^8.5.13 || ^9.5"
            },
            "type": "library",
            "extra": {
                "branch-alias": {
                    "dev-master": "1.x-dev"
                }
            },
            "autoload": {
                "psr-4": {
                    "Base32\\": "src/"
                }
            },
            "notification-url": "https://packagist.org/downloads/",
            "license": [
                "MIT"
            ],
            "authors": [
                {
                    "name": "Christian Riesen",
                    "email": "chris.riesen@gmail.com",
                    "homepage": "http://christianriesen.com",
                    "role": "Developer"
                }
            ],
            "description": "Base32 encoder/decoder according to RFC 4648",
            "homepage": "https://github.com/ChristianRiesen/base32",
            "keywords": [
                "base32",
                "decode",
                "encode",
                "rfc4648"
            ],
            "support": {
                "issues": "https://github.com/ChristianRiesen/base32/issues",
                "source": "https://github.com/ChristianRiesen/base32/tree/1.6.0"
            },
            "time": "2021-02-26T10:19:33+00:00"
        },
        {
            "name": "rlanvin/php-ip",
            "version": "v3.0.0",
            "source": {
                "type": "git",
                "url": "https://github.com/rlanvin/php-ip.git",
                "reference": "7811f12256a5a610ddcb31ed9840179f4dd3784d"
            },
            "dist": {
                "type": "zip",
                "url": "https://api.github.com/repos/rlanvin/php-ip/zipball/7811f12256a5a610ddcb31ed9840179f4dd3784d",
                "reference": "7811f12256a5a610ddcb31ed9840179f4dd3784d",
                "shasum": ""
            },
            "require": {
                "ext-gmp": "*",
                "php": ">=7.1"
            },
            "require-dev": {
                "phpunit/phpunit": "^6.5|^8.0"
            },
            "type": "library",
            "autoload": {
                "psr-4": {
                    "PhpIP\\": "src/"
                }
            },
            "notification-url": "https://packagist.org/downloads/",
            "license": [
                "MIT"
            ],
            "description": "IPv4/IPv6 manipulation library for PHP",
            "homepage": "https://github.com/rlanvin/php-ip",
            "keywords": [
                "IP",
                "ipv4",
                "ipv6"
            ],
            "support": {
                "issues": "https://github.com/rlanvin/php-ip/issues",
                "source": "https://github.com/rlanvin/php-ip/tree/v3.0.0"
            },
            "time": "2022-03-02T08:51:37+00:00"
        }
    ],
    "packages-dev": [],
    "aliases": [],
    "minimum-stability": "stable",
    "stability-flags": [],
    "prefer-stable": false,
    "prefer-lowest": false,
    "platform": [],
    "platform-dev": [],
    "plugin-api-version": "2.6.0"
}
